<?xml version="1.0" encoding="utf-8"?>
<Project ToolsVersion="4.0" xmlns="http://schemas.microsoft.com/developer/msbuild/2003">
  <ItemGroup>
    <Filter Include="Source Files">
      <UniqueIdentifier>{4FC737F1-C7A5-4376-A066-2A32D752A2FF}</UniqueIdentifier>
      <Extensions>cpp;c;cc;cxx;c++;cppm;ixx;def;odl;idl;hpj;bat;asm;asmx</Extensions>
    </Filter>
    <Filter Include="Header Files">
      <UniqueIdentifier>{93995380-89BD-4b04-88EB-625FBE52EBFB}</UniqueIdentifier>
      <Extensions>h;hh;hpp;hxx;h++;hm;inl;inc;ipp;xsd</Extensions>
    </Filter>
    <Filter Include="Resource Files">
      <UniqueIdentifier>{67DA6AB6-F800-4c08-8B7A-83BB121AAD01}</UniqueIdentifier>
      <Extensions>rc;ico;cur;bmp;dlg;rc2;rct;bin;rgs;gif;jpg;jpeg;jpe;resx;tiff;tif;png;wav;mfcribbon-ms</Extensions>
    </Filter>
    <Filter Include="Source Files\shaders">
      <UniqueIdentifier>{ccc2606e-875c-4162-923d-7e4fb8b84f86}</UniqueIdentifier>
    </Filter>
    <Filter Include="Resource Files\objects">
      <UniqueIdentifier>{4b6ef516-f7a5-48be-98c0-d36e3e92768f}</UniqueIdentifier>
    </Filter>
  </ItemGroup>
  <ItemGroup>
    <ClCompile Include="source\main.cpp">
      <Filter>Source Files</Filter>
    </ClCompile>
    <ClCompile Include="source\load.cpp">
      <Filter>Source Files</Filter>
    </ClCompile>
    <ClCompile Include="source\Model.cpp">
      <Filter>Source Files</Filter>
    </ClCompile>
    <ClCompile Include="source\control.cpp">
      <Filter>Source Files</Filter>
    </ClCompile>
    <ClCompile Include="source\Camera.cpp">
      <Filter>Source Files</Filter>
    </ClCompile>
    <ClCompile Include="source\World.cpp">
      <Filter>Source Files</Filter>
    </ClCompile>
    <ClCompile Include="source\draw.cpp">
      <Filter>Source Files</Filter>
    </ClCompile>
    <ClCompile Include="source\Shader.cpp">
      <Filter>Source Files</Filter>
    </ClCompile>
    <ClCompile Include="source\Material.cpp">
      <Filter>Source Files</Filter>
    </ClCompile>
    <ClCompile Include="source\Light.cpp">
      <Filter>Source Files</Filter>
    </ClCompile>
    <ClCompile Include="source\Texture.cpp">
      <Filter>Source Files</Filter>
    </ClCompile>
    <ClCompile Include="source\Box.cpp">
      <Filter>Source Files</Filter>
    </ClCompile>
  </ItemGroup>
  <ItemGroup>
    <ClInclude Include="source\load.hpp">
      <Filter>Header Files</Filter>
    </ClInclude>
    <ClInclude Include="source\Model.hpp">
      <Filter>Header Files</Filter>
    </ClInclude>
    <ClInclude Include="source\control.hpp">
      <Filter>Header Files</Filter>
    </ClInclude>
    <ClInclude Include="source\Camera.hpp">
      <Filter>Header Files</Filter>
    </ClInclude>
    <ClInclude Include="source\World.hpp">
      <Filter>Header Files</Filter>
    </ClInclude>
    <ClInclude Include="source\draw.hpp">
      <Filter>Header Files</Filter>
    </ClInclude>
    <ClInclude Include="source\stb_image.h">
      <Filter>Header Files</Filter>
    </ClInclude>
    <ClInclude Include="source\Shader.hpp">
      <Filter>Header Files</Filter>
    </ClInclude>
    <ClInclude Include="source\Material.hpp">
      <Filter>Header Files</Filter>
    </ClInclude>
    <ClInclude Include="source\Light.hpp">
      <Filter>Header Files</Filter>
    </ClInclude>
    <ClInclude Include="source\Texture.hpp">
      <Filter>Header Files</Filter>
    </ClInclude>
    <ClInclude Include="source\Box.hpp">
      <Filter>Header Files</Filter>
    </ClInclude>
  </ItemGroup>
  <ItemGroup>
    <None Include="source\shaders\DepthRTT.fragmentshader">
      <Filter>Source Files\shaders</Filter>
    </None>
    <None Include="source\shaders\DepthRTT.vertexshader">
      <Filter>Source Files\shaders</Filter>
    </None>
    <None Include="source\shaders\texture.fragmentshader">
      <Filter>Source Files\shaders</Filter>
    </None>
    <None Include="source\shaders\texture.vertexshader">
      <Filter>Source Files\shaders</Filter>
    </None>
  </ItemGroup>
  <ItemGroup>
    <Object Include="resource\objects\ground.obj">
      <Filter>Resource Files\objects</Filter>
    </Object>
    <Object Include="resource\objects\4.obj">
      <Filter>Resource Files\objects</Filter>
    </Object>
    <Object Include="resource\objects\7.obj">
      <Filter>Resource Files\objects</Filter>
    </Object>
    <Object Include="resource\objects\8.obj">
      <Filter>Resource Files\objects</Filter>
    </Object>
    <Object Include="resource\objects\E.obj">
      <Filter>Resource Files\objects</Filter>
    </Object>
    <Object Include="resource\objects\I.obj">
      <Filter>Resource Files\objects</Filter>
    </Object>
    <Object Include="resource\objects\L.obj">
      <Filter>Resource Files\objects</Filter>
    </Object>
    <Object Include="resource\objects\N.obj">
      <Filter>Resource Files\objects</Filter>
    </Object>
    <Object Include="resource\objects\Z.obj">
      <Filter>Resource Files\objects</Filter>
    </Object>
    <Object Include="resource\bark.obj">
      <Filter>Resource Files</Filter>
    </Object>
    <Object Include="resource\leaves.obj">
      <Filter>Resource Files</Filter>
    </Object>
  </ItemGroup>
  <ItemGroup>
    <Image Include="resource\box-top.png">
      <Filter>Resource Files</Filter>
    </Image>
    <Image Include="resource\silver.png">
      <Filter>Resource Files</Filter>
    </Image>
    <Image Include="resource\ground.png">
      <Filter>Resource Files</Filter>
    </Image>
    <Image Include="resource\bark.jpg">
      <Filter>Resource Files</Filter>
    </Image>
    <Image Include="resource\leaves.png">
      <Filter>Resource Files</Filter>
    </Image>
  </ItemGroup>
</Project>